// !$*UTF8*$!
{
	archiveVersion = 1;
	classes = {
	};
	objectVersion = 56;
	objects = {

/* Begin PBXBuildFile section */
		F41D95C2297EADFB005AF3D5 /* LinkView.swift in Sources */ = {isa = PBXBuildFile; fileRef = F41D95C1297EADFB005AF3D5 /* LinkView.swift */; };
		F41D95C6297EC8A6005AF3D5 /* ImageDetailView.swift in Sources */ = {isa = PBXBuildFile; fileRef = F41D95C5297EC8A6005AF3D5 /* ImageDetailView.swift */; };
		F41D95C8297ECC14005AF3D5 /* ImageListView.swift in Sources */ = {isa = PBXBuildFile; fileRef = F41D95C7297ECC14005AF3D5 /* ImageListView.swift */; };
		F42DCEBC2983DC5F00E0ED5F /* FavoriteButton.swift in Sources */ = {isa = PBXBuildFile; fileRef = F42DCEBB2983DC5F00E0ED5F /* FavoriteButton.swift */; };
		F42DCEBF2983DD1B00E0ED5F /* MapView.swift in Sources */ = {isa = PBXBuildFile; fileRef = F42DCEBE2983DD1B00E0ED5F /* MapView.swift */; };
		F42DCEC129847F4C00E0ED5F /* DifficultyView.swift in Sources */ = {isa = PBXBuildFile; fileRef = F42DCEC029847F4C00E0ED5F /* DifficultyView.swift */; };
		F43707D02970667B009D37B6 /* Data.json in Resources */ = {isa = PBXBuildFile; fileRef = F43707CF2970667B009D37B6 /* Data.json */; };
		F46F70E7297C6252007E22EF /* ApiFetcher.swift in Sources */ = {isa = PBXBuildFile; fileRef = F46F70E6297C6252007E22EF /* ApiFetcher.swift */; };
		F46F70E9297C6744007E22EF /* LoadingView.swift in Sources */ = {isa = PBXBuildFile; fileRef = F46F70E8297C6744007E22EF /* LoadingView.swift */; };
		F46F70EB297C675A007E22EF /* ErrorView.swift in Sources */ = {isa = PBXBuildFile; fileRef = F46F70EA297C675A007E22EF /* ErrorView.swift */; };
		F46F70EE297C82DA007E22EF /* ApiError.swift in Sources */ = {isa = PBXBuildFile; fileRef = F46F70ED297C82DA007E22EF /* ApiError.swift */; };
		F46F70F0297C874B007E22EF /* ApiService.swift in Sources */ = {isa = PBXBuildFile; fileRef = F46F70EF297C874B007E22EF /* ApiService.swift */; };
		F4C4A4E229646F640032AF94 /* SurfSpotApp.swift in Sources */ = {isa = PBXBuildFile; fileRef = F4C4A4E129646F640032AF94 /* SurfSpotApp.swift */; };
		F4C4A4E429646F640032AF94 /* ContentView.swift in Sources */ = {isa = PBXBuildFile; fileRef = F4C4A4E329646F640032AF94 /* ContentView.swift */; };
		F4C4A4E629646F660032AF94 /* Assets.xcassets in Resources */ = {isa = PBXBuildFile; fileRef = F4C4A4E529646F660032AF94 /* Assets.xcassets */; };
		F4C4A4EA29646F660032AF94 /* Preview Assets.xcassets in Resources */ = {isa = PBXBuildFile; fileRef = F4C4A4E929646F660032AF94 /* Preview Assets.xcassets */; };
		F4D25A5F296C5B340011ADA8 /* JsonParsing.swift in Sources */ = {isa = PBXBuildFile; fileRef = F4D25A5E296C5B340011ADA8 /* JsonParsing.swift */; };
		F4E70BBE29782F480070F6C6 /* SpotDetailView.swift in Sources */ = {isa = PBXBuildFile; fileRef = F4E70BBD29782F480070F6C6 /* SpotDetailView.swift */; };
		F4E70BC029783BDA0070F6C6 /* RecordsListView.swift in Sources */ = {isa = PBXBuildFile; fileRef = F4E70BBF29783BDA0070F6C6 /* RecordsListView.swift */; };
		F4EFE8A5297CB41400FF3F03 /* RecordRow.swift in Sources */ = {isa = PBXBuildFile; fileRef = F4EFE8A4297CB41400FF3F03 /* RecordRow.swift */; };
		F4F37C5C2981B82F00C5C477 /* NewTabView.swift in Sources */ = {isa = PBXBuildFile; fileRef = F4F37C5B2981B82F00C5C477 /* NewTabView.swift */; };
		F4F37C5F29829BA000C5C477 /* NewSpotViewForm.swift in Sources */ = {isa = PBXBuildFile; fileRef = F4F37C5E29829BA000C5C477 /* NewSpotViewForm.swift */; };
/* End PBXBuildFile section */

/* Begin PBXFileReference section */
		F41D95C1297EADFB005AF3D5 /* LinkView.swift */ = {isa = PBXFileReference; lastKnownFileType = sourcecode.swift; path = LinkView.swift; sourceTree = "<group>"; };
		F41D95C5297EC8A6005AF3D5 /* ImageDetailView.swift */ = {isa = PBXFileReference; lastKnownFileType = sourcecode.swift; path = ImageDetailView.swift; sourceTree = "<group>"; };
		F41D95C7297ECC14005AF3D5 /* ImageListView.swift */ = {isa = PBXFileReference; lastKnownFileType = sourcecode.swift; path = ImageListView.swift; sourceTree = "<group>"; };
		F42DCEBB2983DC5F00E0ED5F /* FavoriteButton.swift */ = {isa = PBXFileReference; lastKnownFileType = sourcecode.swift; path = FavoriteButton.swift; sourceTree = "<group>"; };
		F42DCEBE2983DD1B00E0ED5F /* MapView.swift */ = {isa = PBXFileReference; lastKnownFileType = sourcecode.swift; path = MapView.swift; sourceTree = "<group>"; };
		F42DCEC029847F4C00E0ED5F /* DifficultyView.swift */ = {isa = PBXFileReference; lastKnownFileType = sourcecode.swift; path = DifficultyView.swift; sourceTree = "<group>"; };
		F43707CF2970667B009D37B6 /* Data.json */ = {isa = PBXFileReference; fileEncoding = 4; lastKnownFileType = text.json; name = Data.json; path = ../../../../../../../Desktop/Data.json; sourceTree = "<group>"; };
		F46F70E6297C6252007E22EF /* ApiFetcher.swift */ = {isa = PBXFileReference; lastKnownFileType = sourcecode.swift; path = ApiFetcher.swift; sourceTree = "<group>"; };
		F46F70E8297C6744007E22EF /* LoadingView.swift */ = {isa = PBXFileReference; lastKnownFileType = sourcecode.swift; path = LoadingView.swift; sourceTree = "<group>"; };
		F46F70EA297C675A007E22EF /* ErrorView.swift */ = {isa = PBXFileReference; lastKnownFileType = sourcecode.swift; path = ErrorView.swift; sourceTree = "<group>"; };
		F46F70ED297C82DA007E22EF /* ApiError.swift */ = {isa = PBXFileReference; lastKnownFileType = sourcecode.swift; path = ApiError.swift; sourceTree = "<group>"; };
		F46F70EF297C874B007E22EF /* ApiService.swift */ = {isa = PBXFileReference; lastKnownFileType = sourcecode.swift; path = ApiService.swift; sourceTree = "<group>"; };
		F4C4A4DE29646F640032AF94 /* SurfSpot.app */ = {isa = PBXFileReference; explicitFileType = wrapper.application; includeInIndex = 0; path = SurfSpot.app; sourceTree = BUILT_PRODUCTS_DIR; };
		F4C4A4E129646F640032AF94 /* SurfSpotApp.swift */ = {isa = PBXFileReference; lastKnownFileType = sourcecode.swift; path = SurfSpotApp.swift; sourceTree = "<group>"; };
		F4C4A4E329646F640032AF94 /* ContentView.swift */ = {isa = PBXFileReference; lastKnownFileType = sourcecode.swift; path = ContentView.swift; sourceTree = "<group>"; };
		F4C4A4E529646F660032AF94 /* Assets.xcassets */ = {isa = PBXFileReference; lastKnownFileType = folder.assetcatalog; path = Assets.xcassets; sourceTree = "<group>"; };
		F4C4A4E729646F660032AF94 /* SurfSpot.entitlements */ = {isa = PBXFileReference; lastKnownFileType = text.plist.entitlements; path = SurfSpot.entitlements; sourceTree = "<group>"; };
		F4C4A4E929646F660032AF94 /* Preview Assets.xcassets */ = {isa = PBXFileReference; lastKnownFileType = folder.assetcatalog; path = "Preview Assets.xcassets"; sourceTree = "<group>"; };
		F4D25A5E296C5B340011ADA8 /* JsonParsing.swift */ = {isa = PBXFileReference; lastKnownFileType = sourcecode.swift; path = JsonParsing.swift; sourceTree = "<group>"; };
		F4E70BBD29782F480070F6C6 /* SpotDetailView.swift */ = {isa = PBXFileReference; lastKnownFileType = sourcecode.swift; path = SpotDetailView.swift; sourceTree = "<group>"; };
		F4E70BBF29783BDA0070F6C6 /* RecordsListView.swift */ = {isa = PBXFileReference; lastKnownFileType = sourcecode.swift; path = RecordsListView.swift; sourceTree = "<group>"; };
		F4EFE8A4297CB41400FF3F03 /* RecordRow.swift */ = {isa = PBXFileReference; lastKnownFileType = sourcecode.swift; path = RecordRow.swift; sourceTree = "<group>"; };
		F4EFE8A6297D744800FF3F03 /* Info.plist */ = {isa = PBXFileReference; lastKnownFileType = text.plist; path = Info.plist; sourceTree = "<group>"; };
		F4F37C5B2981B82F00C5C477 /* NewTabView.swift */ = {isa = PBXFileReference; lastKnownFileType = sourcecode.swift; path = NewTabView.swift; sourceTree = "<group>"; };
		F4F37C5E29829BA000C5C477 /* NewSpotViewForm.swift */ = {isa = PBXFileReference; lastKnownFileType = sourcecode.swift; path = NewSpotViewForm.swift; sourceTree = "<group>"; };
/* End PBXFileReference section */

/* Begin PBXFrameworksBuildPhase section */
		F4C4A4DB29646F640032AF94 /* Frameworks */ = {
			isa = PBXFrameworksBuildPhase;
			buildActionMask = 2147483647;
			files = (
			);
			runOnlyForDeploymentPostprocessing = 0;
		};
/* End PBXFrameworksBuildPhase section */

/* Begin PBXGroup section */
		F42DCEBD2983DCC500E0ED5F /* En cours */ = {
			isa = PBXGroup;
			children = (
				F42DCEBB2983DC5F00E0ED5F /* FavoriteButton.swift */,
				F42DCEBE2983DD1B00E0ED5F /* MapView.swift */,
			);
			path = "En cours";
			sourceTree = "<group>";
		};
		F44B29F52977326400A75539 /* Model */ = {
			isa = PBXGroup;
			children = (
				F4D25A5E296C5B340011ADA8 /* JsonParsing.swift */,
			);
			path = Model;
			sourceTree = "<group>";
		};
		F4C4A4D529646F640032AF94 = {
			isa = PBXGroup;
			children = (
				F4C4A4E029646F640032AF94 /* SurfSpot */,
				F4C4A4DF29646F640032AF94 /* Products */,
			);
			sourceTree = "<group>";
		};
		F4C4A4DF29646F640032AF94 /* Products */ = {
			isa = PBXGroup;
			children = (
				F4C4A4DE29646F640032AF94 /* SurfSpot.app */,
			);
			name = Products;
			sourceTree = "<group>";
		};
		F4C4A4E029646F640032AF94 /* SurfSpot */ = {
			isa = PBXGroup;
			children = (
				F4EFE8A6297D744800FF3F03 /* Info.plist */,
				F4C4A4E129646F640032AF94 /* SurfSpotApp.swift */,
				F4C4A4E329646F640032AF94 /* ContentView.swift */,
				F4F37C5B2981B82F00C5C477 /* NewTabView.swift */,
				F4EFE8A3297CB39A00FF3F03 /* Views */,
				F4EFE8A2297CB36C00FF3F03 /* ApiCenter */,
				F44B29F52977326400A75539 /* Model */,
				F4C4A4E529646F660032AF94 /* Assets.xcassets */,
				F4C4A4E729646F660032AF94 /* SurfSpot.entitlements */,
				F4C4A4E829646F660032AF94 /* Preview Content */,
			);
			path = SurfSpot;
			sourceTree = "<group>";
		};
		F4C4A4E829646F660032AF94 /* Preview Content */ = {
			isa = PBXGroup;
			children = (
				F43707CF2970667B009D37B6 /* Data.json */,
				F4C4A4E929646F660032AF94 /* Preview Assets.xcassets */,
			);
			path = "Preview Content";
			sourceTree = "<group>";
		};
		F4EFE8A2297CB36C00FF3F03 /* ApiCenter */ = {
			isa = PBXGroup;
			children = (
				F46F70E6297C6252007E22EF /* ApiFetcher.swift */,
				F46F70ED297C82DA007E22EF /* ApiError.swift */,
				F46F70EF297C874B007E22EF /* ApiService.swift */,
			);
			path = ApiCenter;
			sourceTree = "<group>";
		};
		F4EFE8A3297CB39A00FF3F03 /* Views */ = {
			isa = PBXGroup;
			children = (
				F42DCEBD2983DCC500E0ED5F /* En cours */,
				F46F70EA297C675A007E22EF /* ErrorView.swift */,
				F4EFE8A4297CB41400FF3F03 /* RecordRow.swift */,
				F42DCEC029847F4C00E0ED5F /* DifficultyView.swift */,
				F4F37C5E29829BA000C5C477 /* NewSpotViewForm.swift */,
				F4E70BBF29783BDA0070F6C6 /* RecordsListView.swift */,
				F4E70BBD29782F480070F6C6 /* SpotDetailView.swift */,
				F46F70E8297C6744007E22EF /* LoadingView.swift */,
				F41D95C1297EADFB005AF3D5 /* LinkView.swift */,
				F41D95C7297ECC14005AF3D5 /* ImageListView.swift */,
				F41D95C5297EC8A6005AF3D5 /* ImageDetailView.swift */,
			);
			name = Views;
			path = ViewsTest/Views;
			sourceTree = "<group>";
		};
/* End PBXGroup section */

/* Begin PBXNativeTarget section */
		F4C4A4DD29646F640032AF94 /* SurfSpot */ = {
			isa = PBXNativeTarget;
			buildConfigurationList = F4C4A4ED29646F660032AF94 /* Build configuration list for PBXNativeTarget "SurfSpot" */;
			buildPhases = (
				F4C4A4DA29646F640032AF94 /* Sources */,
				F4C4A4DB29646F640032AF94 /* Frameworks */,
				F4C4A4DC29646F640032AF94 /* Resources */,
			);
			buildRules = (
			);
			dependencies = (
			);
			name = SurfSpot;
			productName = SurfSpot;
			productReference = F4C4A4DE29646F640032AF94 /* SurfSpot.app */;
			productType = "com.apple.product-type.application";
		};
/* End PBXNativeTarget section */

/* Begin PBXProject section */
		F4C4A4D629646F640032AF94 /* Project object */ = {
			isa = PBXProject;
			attributes = {
				BuildIndependentTargetsInParallel = 1;
				LastSwiftUpdateCheck = 1420;
				LastUpgradeCheck = 1420;
				TargetAttributes = {
					F4C4A4DD29646F640032AF94 = {
						CreatedOnToolsVersion = 14.2;
					};
				};
			};
			buildConfigurationList = F4C4A4D929646F640032AF94 /* Build configuration list for PBXProject "SurfSpot" */;
			compatibilityVersion = "Xcode 14.0";
			developmentRegion = en;
			hasScannedForEncodings = 0;
			knownRegions = (
				en,
				Base,
			);
			mainGroup = F4C4A4D529646F640032AF94;
			productRefGroup = F4C4A4DF29646F640032AF94 /* Products */;
			projectDirPath = "";
			projectRoot = "";
			targets = (
				F4C4A4DD29646F640032AF94 /* SurfSpot */,
			);
		};
/* End PBXProject section */

/* Begin PBXResourcesBuildPhase section */
		F4C4A4DC29646F640032AF94 /* Resources */ = {
			isa = PBXResourcesBuildPhase;
			buildActionMask = 2147483647;
			files = (
				F4C4A4EA29646F660032AF94 /* Preview Assets.xcassets in Resources */,
				F4C4A4E629646F660032AF94 /* Assets.xcassets in Resources */,
				F43707D02970667B009D37B6 /* Data.json in Resources */,
			);
			runOnlyForDeploymentPostprocessing = 0;
		};
/* End PBXResourcesBuildPhase section */

/* Begin PBXSourcesBuildPhase section */
		F4C4A4DA29646F640032AF94 /* Sources */ = {
			isa = PBXSourcesBuildPhase;
			buildActionMask = 2147483647;
			files = (
				F4F37C5F29829BA000C5C477 /* NewSpotViewForm.swift in Sources */,
				F41D95C6297EC8A6005AF3D5 /* ImageDetailView.swift in Sources */,
				F46F70F0297C874B007E22EF /* ApiService.swift in Sources */,
				F42DCEBC2983DC5F00E0ED5F /* FavoriteButton.swift in Sources */,
				F4D25A5F296C5B340011ADA8 /* JsonParsing.swift in Sources */,
				F42DCEC129847F4C00E0ED5F /* DifficultyView.swift in Sources */,
				F46F70E9297C6744007E22EF /* LoadingView.swift in Sources */,
				F41D95C2297EADFB005AF3D5 /* LinkView.swift in Sources */,
				F46F70E7297C6252007E22EF /* ApiFetcher.swift in Sources */,
				F41D95C8297ECC14005AF3D5 /* ImageListView.swift in Sources */,
				F46F70EE297C82DA007E22EF /* ApiError.swift in Sources */,
				F4EFE8A5297CB41400FF3F03 /* RecordRow.swift in Sources */,
				F4E70BBE29782F480070F6C6 /* SpotDetailView.swift in Sources */,
				F4F37C5C2981B82F00C5C477 /* NewTabView.swift in Sources */,
				F4E70BC029783BDA0070F6C6 /* RecordsListView.swift in Sources */,
				F4C4A4E429646F640032AF94 /* ContentView.swift in Sources */,
				F42DCEBF2983DD1B00E0ED5F /* MapView.swift in Sources */,
				F4C4A4E229646F640032AF94 /* SurfSpotApp.swift in Sources */,
				F46F70EB297C675A007E22EF /* ErrorView.swift in Sources */,
			);
			runOnlyForDeploymentPostprocessing = 0;
		};
/* End PBXSourcesBuildPhase section */

/* Begin XCBuildConfiguration section */
		F4C4A4EB29646F660032AF94 /* Debug */ = {
			isa = XCBuildConfiguration;
			buildSettings = {
				ALWAYS_SEARCH_USER_PATHS = NO;
				CLANG_ANALYZER_NONNULL = YES;
				CLANG_ANALYZER_NUMBER_OBJECT_CONVERSION = YES_AGGRESSIVE;
				CLANG_CXX_LANGUAGE_STANDARD = "gnu++20";
				CLANG_ENABLE_MODULES = YES;
				CLANG_ENABLE_OBJC_ARC = YES;
				CLANG_ENABLE_OBJC_WEAK = YES;
				CLANG_WARN_BLOCK_CAPTURE_AUTORELEASING = YES;
				CLANG_WARN_BOOL_CONVERSION = YES;
				CLANG_WARN_COMMA = YES;
				CLANG_WARN_CONSTANT_CONVERSION = YES;
				CLANG_WARN_DEPRECATED_OBJC_IMPLEMENTATIONS = YES;
				CLANG_WARN_DIRECT_OBJC_ISA_USAGE = YES_ERROR;
				CLANG_WARN_DOCUMENTATION_COMMENTS = YES;
				CLANG_WARN_EMPTY_BODY = YES;
				CLANG_WARN_ENUM_CONVERSION = YES;
				CLANG_WARN_INFINITE_RECURSION = YES;
				CLANG_WARN_INT_CONVERSION = YES;
				CLANG_WARN_NON_LITERAL_NULL_CONVERSION = YES;
				CLANG_WARN_OBJC_IMPLICIT_RETAIN_SELF = YES;
				CLANG_WARN_OBJC_LITERAL_CONVERSION = YES;
				CLANG_WARN_OBJC_ROOT_CLASS = YES_ERROR;
				CLANG_WARN_QUOTED_INCLUDE_IN_FRAMEWORK_HEADER = YES;
				CLANG_WARN_RANGE_LOOP_ANALYSIS = YES;
				CLANG_WARN_STRICT_PROTOTYPES = YES;
				CLANG_WARN_SUSPICIOUS_MOVE = YES;
				CLANG_WARN_UNGUARDED_AVAILABILITY = YES_AGGRESSIVE;
				CLANG_WARN_UNREACHABLE_CODE = YES;
				CLANG_WARN__DUPLICATE_METHOD_MATCH = YES;
				COPY_PHASE_STRIP = NO;
				DEBUG_INFORMATION_FORMAT = dwarf;
				ENABLE_STRICT_OBJC_MSGSEND = YES;
				ENABLE_TESTABILITY = YES;
				GCC_C_LANGUAGE_STANDARD = gnu11;
				GCC_DYNAMIC_NO_PIC = NO;
				GCC_NO_COMMON_BLOCKS = YES;
				GCC_OPTIMIZATION_LEVEL = 0;
				GCC_PREPROCESSOR_DEFINITIONS = (
					"DEBUG=1",
					"$(inherited)",
				);
				GCC_WARN_64_TO_32_BIT_CONVERSION = YES;
				GCC_WARN_ABOUT_RETURN_TYPE = YES_ERROR;
				GCC_WARN_UNDECLARED_SELECTOR = YES;
				GCC_WARN_UNINITIALIZED_AUTOS = YES_AGGRESSIVE;
				GCC_WARN_UNUSED_FUNCTION = YES;
				GCC_WARN_UNUSED_VARIABLE = YES;
				MTL_ENABLE_DEBUG_INFO = INCLUDE_SOURCE;
				MTL_FAST_MATH = YES;
				ONLY_ACTIVE_ARCH = YES;
				SWIFT_ACTIVE_COMPILATION_CONDITIONS = DEBUG;
				SWIFT_OPTIMIZATION_LEVEL = "-Onone";
			};
			name = Debug;
		};
		F4C4A4EC29646F660032AF94 /* Release */ = {
			isa = XCBuildConfiguration;
			buildSettings = {
				ALWAYS_SEARCH_USER_PATHS = NO;
				CLANG_ANALYZER_NONNULL = YES;
				CLANG_ANALYZER_NUMBER_OBJECT_CONVERSION = YES_AGGRESSIVE;
				CLANG_CXX_LANGUAGE_STANDARD = "gnu++20";
				CLANG_ENABLE_MODULES = YES;
				CLANG_ENABLE_OBJC_ARC = YES;
				CLANG_ENABLE_OBJC_WEAK = YES;
				CLANG_WARN_BLOCK_CAPTURE_AUTORELEASING = YES;
				CLANG_WARN_BOOL_CONVERSION = YES;
				CLANG_WARN_COMMA = YES;
				CLANG_WARN_CONSTANT_CONVERSION = YES;
				CLANG_WARN_DEPRECATED_OBJC_IMPLEMENTATIONS = YES;
				CLANG_WARN_DIRECT_OBJC_ISA_USAGE = YES_ERROR;
				CLANG_WARN_DOCUMENTATION_COMMENTS = YES;
				CLANG_WARN_EMPTY_BODY = YES;
				CLANG_WARN_ENUM_CONVERSION = YES;
				CLANG_WARN_INFINITE_RECURSION = YES;
				CLANG_WARN_INT_CONVERSION = YES;
				CLANG_WARN_NON_LITERAL_NULL_CONVERSION = YES;
				CLANG_WARN_OBJC_IMPLICIT_RETAIN_SELF = YES;
				CLANG_WARN_OBJC_LITERAL_CONVERSION = YES;
				CLANG_WARN_OBJC_ROOT_CLASS = YES_ERROR;
				CLANG_WARN_QUOTED_INCLUDE_IN_FRAMEWORK_HEADER = YES;
				CLANG_WARN_RANGE_LOOP_ANALYSIS = YES;
				CLANG_WARN_STRICT_PROTOTYPES = YES;
				CLANG_WARN_SUSPICIOUS_MOVE = YES;
				CLANG_WARN_UNGUARDED_AVAILABILITY = YES_AGGRESSIVE;
				CLANG_WARN_UNREACHABLE_CODE = YES;
				CLANG_WARN__DUPLICATE_METHOD_MATCH = YES;
				COPY_PHASE_STRIP = NO;
				DEBUG_INFORMATION_FORMAT = "dwarf-with-dsym";
				ENABLE_NS_ASSERTIONS = NO;
				ENABLE_STRICT_OBJC_MSGSEND = YES;
				GCC_C_LANGUAGE_STANDARD = gnu11;
				GCC_NO_COMMON_BLOCKS = YES;
				GCC_WARN_64_TO_32_BIT_CONVERSION = YES;
				GCC_WARN_ABOUT_RETURN_TYPE = YES_ERROR;
				GCC_WARN_UNDECLARED_SELECTOR = YES;
				GCC_WARN_UNINITIALIZED_AUTOS = YES_AGGRESSIVE;
				GCC_WARN_UNUSED_FUNCTION = YES;
				GCC_WARN_UNUSED_VARIABLE = YES;
				MTL_ENABLE_DEBUG_INFO = NO;
				MTL_FAST_MATH = YES;
				SWIFT_COMPILATION_MODE = wholemodule;
				SWIFT_OPTIMIZATION_LEVEL = "-O";
			};
			name = Release;
		};
		F4C4A4EE29646F660032AF94 /* Debug */ = {
			isa = XCBuildConfiguration;
			buildSettings = {
				ASSETCATALOG_COMPILER_APPICON_NAME = AppIcon;
				ASSETCATALOG_COMPILER_GLOBAL_ACCENT_COLOR_NAME = AccentColor;
				CODE_SIGN_ENTITLEMENTS = SurfSpot/SurfSpot.entitlements;
				CODE_SIGN_STYLE = Automatic;
				CURRENT_PROJECT_VERSION = 1;
				DEVELOPMENT_ASSET_PATHS = "\"SurfSpot/Preview Content\"";
				ENABLE_PREVIEWS = YES;
				GENERATE_INFOPLIST_FILE = YES;
				INFOPLIST_FILE = SurfSpot/Info.plist;
				"INFOPLIST_KEY_UIApplicationSceneManifest_Generation[sdk=iphoneos*]" = YES;
				"INFOPLIST_KEY_UIApplicationSceneManifest_Generation[sdk=iphonesimulator*]" = YES;
				"INFOPLIST_KEY_UIApplicationSupportsIndirectInputEvents[sdk=iphoneos*]" = YES;
				"INFOPLIST_KEY_UIApplicationSupportsIndirectInputEvents[sdk=iphonesimulator*]" = YES;
				"INFOPLIST_KEY_UILaunchScreen_Generation[sdk=iphoneos*]" = YES;
				"INFOPLIST_KEY_UILaunchScreen_Generation[sdk=iphonesimulator*]" = YES;
				"INFOPLIST_KEY_UIStatusBarStyle[sdk=iphoneos*]" = UIStatusBarStyleDefault;
				"INFOPLIST_KEY_UIStatusBarStyle[sdk=iphonesimulator*]" = UIStatusBarStyleDefault;
				INFOPLIST_KEY_UISupportedInterfaceOrientations_iPad = "UIInterfaceOrientationPortrait UIInterfaceOrientationPortraitUpsideDown UIInterfaceOrientationLandscapeLeft UIInterfaceOrientationLandscapeRight";
				INFOPLIST_KEY_UISupportedInterfaceOrientations_iPhone = "UIInterfaceOrientationPortrait UIInterfaceOrientationLandscapeLeft UIInterfaceOrientationLandscapeRight";
				IPHONEOS_DEPLOYMENT_TARGET = 16.2;
				LD_RUNPATH_SEARCH_PATHS = "@executable_path/Frameworks";
				"LD_RUNPATH_SEARCH_PATHS[sdk=macosx*]" = "@executable_path/../Frameworks";
				MACOSX_DEPLOYMENT_TARGET = 13.0;
				MARKETING_VERSION = 1.0;
				PRODUCT_BUNDLE_IDENTIFIER = jak.SurfSpot;
				PRODUCT_NAME = "$(TARGET_NAME)";
				SDKROOT = auto;
				SUPPORTED_PLATFORMS = "iphoneos iphonesimulator macosx";
				SWIFT_EMIT_LOC_STRINGS = YES;
				SWIFT_VERSION = 5.0;
				TARGETED_DEVICE_FAMILY = "1,2";
			};
			name = Debug;
		};
		F4C4A4EF29646F660032AF94 /* Release */ = {
			isa = XCBuildConfiguration;
			buildSettings = {
				ASSETCATALOG_COMPILER_APPICON_NAME = AppIcon;
				ASSETCATALOG_COMPILER_GLOBAL_ACCENT_COLOR_NAME = AccentColor;
				CODE_SIGN_ENTITLEMENTS = SurfSpot/SurfSpot.entitlements;
				CODE_SIGN_STYLE = Automatic;
				CURRENT_PROJECT_VERSION = 1;
				DEVELOPMENT_ASSET_PATHS = "\"SurfSpot/Preview Content\"";
				ENABLE_PREVIEWS = YES;
				GENERATE_INFOPLIST_FILE = YES;
				INFOPLIST_FILE = SurfSpot/Info.plist;
				"INFOPLIST_KEY_UIApplicationSceneManifest_Generation[sdk=iphoneos*]" = YES;
				"INFOPLIST_KEY_UIApplicationSceneManifest_Generation[sdk=iphonesimulator*]" = YES;
				"INFOPLIST_KEY_UIApplicationSupportsIndirectInputEvents[sdk=iphoneos*]" = YES;
				"INFOPLIST_KEY_UIApplicationSupportsIndirectInputEvents[sdk=iphonesimulator*]" = YES;
				"INFOPLIST_KEY_UILaunchScreen_Generation[sdk=iphoneos*]" = YES;
				"INFOPLIST_KEY_UILaunchScreen_Generation[sdk=iphonesimulator*]" = YES;
				"INFOPLIST_KEY_UIStatusBarStyle[sdk=iphoneos*]" = UIStatusBarStyleDefault;
				"INFOPLIST_KEY_UIStatusBarStyle[sdk=iphonesimulator*]" = UIStatusBarStyleDefault;
				INFOPLIST_KEY_UISupportedInterfaceOrientations_iPad = "UIInterfaceOrientationPortrait UIInterfaceOrientationPortraitUpsideDown UIInterfaceOrientationLandscapeLeft UIInterfaceOrientationLandscapeRight";
				INFOPLIST_KEY_UISupportedInterfaceOrientations_iPhone = "UIInterfaceOrientationPortrait UIInterfaceOrientationLandscapeLeft UIInterfaceOrientationLandscapeRight";
				IPHONEOS_DEPLOYMENT_TARGET = 16.2;
				LD_RUNPATH_SEARCH_PATHS = "@executable_path/Frameworks";
				"LD_RUNPATH_SEARCH_PATHS[sdk=macosx*]" = "@executable_path/../Frameworks";
				MACOSX_DEPLOYMENT_TARGET = 13.0;
				MARKETING_VERSION = 1.0;
				PRODUCT_BUNDLE_IDENTIFIER = jak.SurfSpot;
				PRODUCT_NAME = "$(TARGET_NAME)";
				SDKROOT = auto;
				SUPPORTED_PLATFORMS = "iphoneos iphonesimulator macosx";
				SWIFT_EMIT_LOC_STRINGS = YES;
				SWIFT_VERSION = 5.0;
				TARGETED_DEVICE_FAMILY = "1,2";
			};
			name = Release;
		};
/* End XCBuildConfiguration section */

/* Begin XCConfigurationList section */
		F4C4A4D929646F640032AF94 /* Build configuration list for PBXProject "SurfSpot" */ = {
			isa = XCConfigurationList;
			buildConfigurations = (
				F4C4A4EB29646F660032AF94 /* Debug */,
				F4C4A4EC29646F660032AF94 /* Release */,
			);
			defaultConfigurationIsVisible = 0;
			defaultConfigurationName = Release;
		};
		F4C4A4ED29646F660032AF94 /* Build configuration list for PBXNativeTarget "SurfSpot" */ = {
			isa = XCConfigurationList;
			buildConfigurations = (
				F4C4A4EE29646F660032AF94 /* Debug */,
				F4C4A4EF29646F660032AF94 /* Release */,
			);
			defaultConfigurationIsVisible = 0;
			defaultConfigurationName = Release;
		};
/* End XCConfigurationList section */
	};
	rootObject = F4C4A4D629646F640032AF94 /* Project object */;
}
